
Microsoft Visual Studio Solution File, Format Version 12.00
# Visual Studio Version 17
VisualStudioVersion = 17.1.32210.238
MinimumVisualStudioVersion = 10.0.40219.1
Project("{9A19103F-16F7-4668-BE54-9A1E7A4F7556}") = "DataStructures", "DataStructures\DataStructures.csproj", "{E9DC7E50-F2B9-4DE0-A8AA-806A229F4AF0}"
EndProject
Project("{9A19103F-16F7-4668-BE54-9A1E7A4F7556}") = "Algorithms", "Algorithms\Algorithms.csproj", "{165AA78D-EB4D-4CFD-9310-C8A554479889}"
EndProject
Project("{FAE04EC0-301F-11D3-BF4B-00C04F79EFBC}") = "UnitTests.DataStructures", "UnitTests.DataStructures\UnitTests.DataStructures.csproj", "{37CE02D7-5EF0-4E75-9D82-DCFF0A00EC62}"
EndProject
Project("{FAE04EC0-301F-11D3-BF4B-00C04F79EFBC}") = "UnitTests.Algorithms", "UnitTests.Algorithms\UnitTests.Algorithms.csproj", "{55B9C742-3856-4EA6-8FF5-DF2D56E681CB}"
EndProject
Global
	GlobalSection(SolutionConfigurationPlatforms) = preSolution
		Debug|Any CPU = Debug|Any CPU
		Release|Any CPU = Release|Any CPU
	EndGlobalSection
	GlobalSection(ProjectConfigurationPlatforms) = postSolution
		{E9DC7E50-F2B9-4DE0-A8AA-806A229F4AF0}.Debug|Any CPU.ActiveCfg = Debug|Any CPU
		{E9DC7E50-F2B9-4DE0-A8AA-806A229F4AF0}.Debug|Any CPU.Build.0 = Debug|Any CPU
		{E9DC7E50-F2B9-4DE0-A8AA-806A229F4AF0}.Release|Any CPU.ActiveCfg = Release|Any CPU
		{E9DC7E50-F2B9-4DE0-A8AA-806A229F4AF0}.Release|Any CPU.Build.0 = Release|Any CPU
		{165AA78D-EB4D-4CFD-9310-C8A554479889}.Debug|Any CPU.ActiveCfg = Debug|Any CPU
		{165AA78D-EB4D-4CFD-9310-C8A554479889}.Debug|Any CPU.Build.0 = Debug|Any CPU
		{165AA78D-EB4D-4CFD-9310-C8A554479889}.Release|Any CPU.ActiveCfg = Release|Any CPU
		{165AA78D-EB4D-4CFD-9310-C8A554479889}.Release|Any CPU.Build.0 = Release|Any CPU
		{37CE02D7-5EF0-4E75-9D82-DCFF0A00EC62}.Debug|Any CPU.ActiveCfg = Debug|Any CPU
		{37CE02D7-5EF0-4E75-9D82-DCFF0A00EC62}.Debug|Any CPU.Build.0 = Debug|Any CPU
		{37CE02D7-5EF0-4E75-9D82-DCFF0A00EC62}.Release|Any CPU.ActiveCfg = Release|Any CPU
		{37CE02D7-5EF0-4E75-9D82-DCFF0A00EC62}.Release|Any CPU.Build.0 = Release|Any CPU
		{55B9C742-3856-4EA6-8FF5-DF2D56E681CB}.Debug|Any CPU.ActiveCfg = Debug|Any CPU
		{55B9C742-3856-4EA6-8FF5-DF2D56E681CB}.Debug|Any CPU.Build.0 = Debug|Any CPU
		{55B9C742-3856-4EA6-8FF5-DF2D56E681CB}.Release|Any CPU.ActiveCfg = Release|Any CPU
		{55B9C742-3856-4EA6-8FF5-DF2D56E681CB}.Release|Any CPU.Build.0 = Release|Any CPU
	EndGlobalSection
	GlobalSection(SolutionProperties) = preSolution
		HideSolutionNode = FALSE
	EndGlobalSection
	GlobalSection(ExtensibilityGlobals) = postSolution
		SolutionGuid = {E02AE419-3415-482D-AD6D-5D1634A72F19}
	EndGlobalSection
EndGlobal
